{
    "_meta": {
        "hash": {
            "sha256": "e04aef4830ffcb43f81b126ee3a36976d478f845d831193a319f3b0ff6577b41"
        },
        "pipfile-spec": 6,
        "requires": {
            "python_version": "3.7"
        },
        "sources": [
            {
                "name": "pypi",
                "url": "https://pypi.org/simple",
                "verify_ssl": true
            }
        ]
    },
    "default": {
        "regex": {
            "hashes": [
                "sha256:060bf5f9c0311794bde90294b858830684861aee9c1f22ef5ce20d8fabf05a4e",
                "sha256:0f7cbe57eed5429b8f4295b338ab6492338ec9793e363216bdfba905ae82c7c0",
                "sha256:19a76b228cbf13024bbe098da8563fc5f4831271531d5e4d9d289c68c1b01233",
                "sha256:22cdfa574fa85bf536ed9197a9796962e1c131c736fc0aa9dd24045f3e333304",
                "sha256:4d3323f434782185d0b89f34ba6c125f19e3bfe5e099a72c1e33e7cfd43013d2",
                "sha256:56494baf1ed525deea426d3676b1ae3fdcc906b55eccfcb4ea928453e11f2a43",
                "sha256:5c896c51b06c96d9d5e1c41495fd0fbe92f711225b889e2faef534f0a697f0db",
                "sha256:5f1838807ced5c5fa011e3f935568ff59e0b2e6c83119668b961e3bb383e12f6",
                "sha256:5f3ab6220d9c191392563c9727552fd3c1f3a3566180a64717d37554ad7414b7",
                "sha256:7c90d56daeb64371670e528bd08a6e722a025a508effa84842d6c66727e7e422",
                "sha256:98179516aa75ef0e9ecbda8cd4b14f6e4186e32da3fc21466edd25c917fd8110",
                "sha256:c7a5613e903937c73d02f9b3b4b4dce0275fd6909295939a9f3ea50dbf6a2d4e",
                "sha256:d8945dba30c1070c398ad2e0356aa0dd55d87129fa9bac2cd885ca95ff92a555",
                "sha256:e45c34102da4621eee9fc25df1651129ab3adcc1f754bb77ea329aea39c2288c",
                "sha256:eb5a96f142f0bb4ac37b8e8a334c234c48b571324b385cf2d66a84522d5ec075"
            ],
            "index": "pypi",
            "version": "==2018.8.17"
        },
        "samewords": {
            "editable": true,
            "path": "."
        }
    },
    "develop": {
        "appdirs": {
            "hashes": [
                "sha256:9e5896d1372858f8dd3344faf4e5014d21849c756c8d5701f78f8a103b372d92",
                "sha256:d8b24664561d0d34ddfaec54636d502d7cea6e29c3eaf68f3df6180863e2166e"
            ],
            "version": "==1.4.3"
        },
        "attrs": {
            "hashes": [
                "sha256:08a96c641c3a74e44eb59afb61a24f2cb9f4d7188748e76ba4bb5edfa3cb7d1c",
                "sha256:f7b7ce16570fe9965acd6d30101a28f62fb4a7f9e926b3bbc9b61f8b04247e72"
            ],
            "version": "==19.3.0"
        },
        "black": {
            "hashes": [
                "sha256:1b30e59be925fafc1ee4565e5e08abef6b03fe455102883820fe5ee2e4734e0b",
                "sha256:c2edb73a08e9e0e6f65a0e6af18b059b8b1cdd5bef997d7a0b181df93dc81539"
            ],
            "index": "pypi",
            "version": "==19.10b0"
        },
        "click": {
            "hashes": [
                "sha256:2335065e6395b9e67ca716de5f7526736bfa6ceead690adf616d925bdc622b13",
                "sha256:5b94b49521f6456670fdb30cd82a4eca9412788a93fa6dd6df72c94d5a8ff2d7"
            ],
            "version": "==7.0"
        },
        "importlib-metadata": {
            "hashes": [
                "sha256:073a852570f92da5f744a3472af1b61e28e9f78ccf0c9117658dc32b15de7b45",
                "sha256:d95141fbfa7ef2ec65cfd945e2af7e5a6ddbd7c8d9a25e66ff3be8e3daf9f60f"
            ],
            "markers": "python_version < '3.8'",
            "version": "==1.3.0"
        },
        "more-itertools": {
            "hashes": [
                "sha256:b84b238cce0d9adad5ed87e745778d20a3f8487d0f0cb8b8a586816c7496458d",
                "sha256:c833ef592a0324bcc6a60e48440da07645063c453880c9477ceb22490aec1564"
            ],
            "version": "==8.0.2"
        },
        "packaging": {
            "hashes": [
                "sha256:28b924174df7a2fa32c1953825ff29c61e2f5e082343165438812f00d3a7fc47",
                "sha256:d9551545c6d761f3def1677baf08ab2a3ca17c56879e70fecba2fc4dde4ed108"
            ],
            "version": "==19.2"
        },
        "pathspec": {
            "hashes": [
                "sha256:e285ccc8b0785beadd4c18e5708b12bb8fcf529a1e61215b3feff1d1e559ea5c"
            ],
            "version": "==0.6.0"
        },
        "pluggy": {
            "hashes": [
                "sha256:15b2acde666561e1298d71b523007ed7364de07029219b604cf808bfa1c765b0",
                "sha256:966c145cd83c96502c3c3868f50408687b38434af77734af1e9ca461a4081d2d"
            ],
            "version": "==0.13.1"
        },
        "py": {
            "hashes": [
                "sha256:64f65755aee5b381cea27766a3a147c3f15b9b6b9ac88676de66ba2ae36793fa",
                "sha256:dc639b046a6e2cff5bbe40194ad65936d6ba360b52b3c3fe1d08a82dd50b5e53"
            ],
            "version": "==1.8.0"
        },
        "pyparsing": {
            "hashes": [
                "sha256:20f995ecd72f2a1f4bf6b072b63b22e2eb457836601e76d6e5dfcd75436acc1f",
                "sha256:4ca62001be367f01bd3e92ecbb79070272a9d4964dce6a48a82ff0b8bc7e683a"
            ],
            "version": "==2.4.5"
        },
        "pytest": {
            "hashes": [
                "sha256:6b571215b5a790f9b41f19f3531c53a45cf6bb8ef2988bc1ff9afb38270b25fa",
                "sha256:e41d489ff43948babd0fad7ad5e49b8735d5d55e26628a58673c39ff61d95de4"
            ],
            "index": "pypi",
            "version": "==5.3.2"
        },
        "regex": {
            "hashes": [
                "sha256:060bf5f9c0311794bde90294b858830684861aee9c1f22ef5ce20d8fabf05a4e",
                "sha256:0f7cbe57eed5429b8f4295b338ab6492338ec9793e363216bdfba905ae82c7c0",
                "sha256:19a76b228cbf13024bbe098da8563fc5f4831271531d5e4d9d289c68c1b01233",
                "sha256:22cdfa574fa85bf536ed9197a9796962e1c131c736fc0aa9dd24045f3e333304",
                "sha256:4d3323f434782185d0b89f34ba6c125f19e3bfe5e099a72c1e33e7cfd43013d2",
                "sha256:56494baf1ed525deea426d3676b1ae3fdcc906b55eccfcb4ea928453e11f2a43",
                "sha256:5c896c51b06c96d9d5e1c41495fd0fbe92f711225b889e2faef534f0a697f0db",
                "sha256:5f1838807ced5c5fa011e3f935568ff59e0b2e6c83119668b961e3bb383e12f6",
                "sha256:5f3ab6220d9c191392563c9727552fd3c1f3a3566180a64717d37554ad7414b7",
                "sha256:7c90d56daeb64371670e528bd08a6e722a025a508effa84842d6c66727e7e422",
                "sha256:98179516aa75ef0e9ecbda8cd4b14f6e4186e32da3fc21466edd25c917fd8110",
                "sha256:c7a5613e903937c73d02f9b3b4b4dce0275fd6909295939a9f3ea50dbf6a2d4e",
                "sha256:d8945dba30c1070c398ad2e0356aa0dd55d87129fa9bac2cd885ca95ff92a555",
                "sha256:e45c34102da4621eee9fc25df1651129ab3adcc1f754bb77ea329aea39c2288c",
                "sha256:eb5a96f142f0bb4ac37b8e8a334c234c48b571324b385cf2d66a84522d5ec075"
            ],
            "index": "pypi",
            "version": "==2018.8.17"
        },
        "six": {
            "hashes": [
                "sha256:1f1b7d42e254082a9db6279deae68afb421ceba6158efa6131de7b3003ee93fd",
                "sha256:30f610279e8b2578cab6db20741130331735c781b56053c59c4076da27f06b66"
            ],
            "version": "==1.13.0"
        },
        "toml": {
            "hashes": [
                "sha256:229f81c57791a41d65e399fc06bf0848bab550a9dfd5ed66df18ce5f05e73d5c",
                "sha256:235682dd292d5899d361a811df37e04a8828a5b1da3115886b73cf81ebc9100e"
            ],
            "version": "==0.10.0"
        },
        "typed-ast": {
            "hashes": [
                "sha256:1170afa46a3799e18b4c977777ce137bb53c7485379d9706af8a59f2ea1aa161",
                "sha256:18511a0b3e7922276346bcb47e2ef9f38fb90fd31cb9223eed42c85d1312344e",
                "sha256:262c247a82d005e43b5b7f69aff746370538e176131c32dda9cb0f324d27141e",
                "sha256:2b907eb046d049bcd9892e3076c7a6456c93a25bebfe554e931620c90e6a25b0",
                "sha256:354c16e5babd09f5cb0ee000d54cfa38401d8b8891eefa878ac772f827181a3c",
                "sha256:48e5b1e71f25cfdef98b013263a88d7145879fbb2d5185f2a0c79fa7ebbeae47",
                "sha256:4e0b70c6fc4d010f8107726af5fd37921b666f5b31d9331f0bd24ad9a088e631",
                "sha256:630968c5cdee51a11c05a30453f8cd65e0cc1d2ad0d9192819df9978984529f4",
                "sha256:66480f95b8167c9c5c5c87f32cf437d585937970f3fc24386f313a4c97b44e34",
                "sha256:71211d26ffd12d63a83e079ff258ac9d56a1376a25bc80b1cdcdf601b855b90b",
                "sha256:7954560051331d003b4e2b3eb822d9dd2e376fa4f6d98fee32f452f52dd6ebb2",
                "sha256:838997f4310012cf2e1ad3803bce2f3402e9ffb71ded61b5ee22617b3a7f6b6e",
                "sha256:95bd11af7eafc16e829af2d3df510cecfd4387f6453355188342c3e79a2ec87a",
                "sha256:bc6c7d3fa1325a0c6613512a093bc2a2a15aeec350451cbdf9e1d4bffe3e3233",
                "sha256:cc34a6f5b426748a507dd5d1de4c1978f2eb5626d51326e43280941206c209e1",
                "sha256:d755f03c1e4a51e9b24d899561fec4ccaf51f210d52abdf8c07ee2849b212a36",
                "sha256:d7c45933b1bdfaf9f36c579671fec15d25b06c8398f113dab64c18ed1adda01d",
                "sha256:d896919306dd0aa22d0132f62a1b78d11aaf4c9fc5b3410d3c666b818191630a",
                "sha256:fdc1c9bbf79510b76408840e009ed65958feba92a88833cdceecff93ae8fff66",
                "sha256:ffde2fbfad571af120fcbfbbc61c72469e72f550d676c3342492a9dfdefb8f12"
            ],
            "version": "==1.4.0"
        },
        "wcwidth": {
            "hashes": [
                "sha256:3df37372226d6e63e1b1e1eda15c594bca98a22d33a23832a90998faa96bc65e",
                "sha256:f4ebe71925af7b40a864553f761ed559b43544f8f71746c2d756c7fe788ade7c"
            ],
            "version": "==0.1.7"
        },
        "zipp": {
            "hashes": [
                "sha256:3718b1cbcd963c7d4c5511a8240812904164b7f381b647143a89d3b98f9bcd8e",
                "sha256:f06903e9f1f43b12d371004b4ac7b06ab39a44adc747266928ae6debfa7b3335"
            ],
            "version": "==0.6.0"
        }
    }
}
